PODS:
  - SimpleAFNetworking (0.0.4):
    - SimpleAFNetworking/NSURLSession (= 0.0.4)
    - SimpleAFNetworking/Reachability (= 0.0.4)
    - SimpleAFNetworking/Security (= 0.0.4)
    - SimpleAFNetworking/Serialization (= 0.0.4)
    - SimpleAFNetworking/UIKit (= 0.0.4)
  - SimpleAFNetworking/NSURLSession (0.0.4):
    - SimpleAFNetworking/Reachability
    - SimpleAFNetworking/Security
    - SimpleAFNetworking/Serialization
  - SimpleAFNetworking/Reachability (0.0.4)
  - SimpleAFNetworking/Security (0.0.4)
  - SimpleAFNetworking/Serialization (0.0.4)
  - SimpleAFNetworking/UIKit (0.0.4):
    - SimpleAFNetworking/NSURLSession

DEPENDENCIES:
  - SimpleAFNetworking (from `../`)

EXTERNAL SOURCES:
  SimpleAFNetworking:
    :path: ../

SPEC CHECKSUMS:
  SimpleAFNetworking: 097f95e7875a255e9100ff4619652a4e4edbb200

PODFILE CHECKSUM: c4e11450fe58b9162092d01ec0e920281a2c152b

COCOAPODS: 1.2.1
